
Microsoft Visual Studio Solution File, Format Version 12.00
# Visual Studio 15
VisualStudioVersion = 15.0.27130.2010
MinimumVisualStudioVersion = 10.0.40219.1
Project("{888888A0-9F3D-457C-B088-3A5042F75D52}") = "yoloTF", "yoloTF\yoloTF.pyproj", "{9A2D606A-3C97-4945-A5FC-6A8C5BFC2A85}"
EndProject
Global
	GlobalSection(SolutionConfigurationPlatforms) = preSolution
		Debug|Any CPU = Debug|Any CPU
		Release|Any CPU = Release|Any CPU
	EndGlobalSection
	GlobalSection(ProjectConfigurationPlatforms) = postSolution
		{9A2D606A-3C97-4945-A5FC-6A8C5BFC2A85}.Debug|Any CPU.ActiveCfg = Debug|Any CPU
		{9A2D606A-3C97-4945-A5FC-6A8C5BFC2A85}.Release|Any CPU.ActiveCfg = Release|Any CPU
	EndGlobalSection
	GlobalSection(SolutionProperties) = preSolution
		HideSolutionNode = FALSE
	EndGlobalSection
	GlobalSection(ExtensibilityGlobals) = postSolution
		SolutionGuid = {4FE95840-425D-4B38-9A38-B8A4002A3779}
	EndGlobalSection
EndGlobal
