
Microsoft Visual Studio Solution File, Format Version 12.00
# Visual Studio 15
VisualStudioVersion = 15.0.27130.2010
MinimumVisualStudioVersion = 10.0.40219.1
Project("{888888A0-9F3D-457C-B088-3A5042F75D52}") = "Deep Learning Architecture for Twitter", "Deep Learning Architecture for Twitter\Deep Learning Architecture for Twitter.pyproj", "{0D43FB6B-1A9B-4675-B73A-F37715FD909D}"
EndProject
Global
	GlobalSection(SolutionConfigurationPlatforms) = preSolution
		Debug|Any CPU = Debug|Any CPU
		Release|Any CPU = Release|Any CPU
	EndGlobalSection
	GlobalSection(ProjectConfigurationPlatforms) = postSolution
		{0D43FB6B-1A9B-4675-B73A-F37715FD909D}.Debug|Any CPU.ActiveCfg = Debug|Any CPU
		{0D43FB6B-1A9B-4675-B73A-F37715FD909D}.Release|Any CPU.ActiveCfg = Release|Any CPU
	EndGlobalSection
	GlobalSection(SolutionProperties) = preSolution
		HideSolutionNode = FALSE
	EndGlobalSection
	GlobalSection(ExtensibilityGlobals) = postSolution
		SolutionGuid = {75C529C3-ED3C-448A-87B8-555070FAC4CE}
	EndGlobalSection
EndGlobal
