
Microsoft Visual Studio Solution File, Format Version 12.00
# Visual Studio 15
VisualStudioVersion = 15.0.27130.2010
MinimumVisualStudioVersion = 10.0.40219.1
Project("{888888A0-9F3D-457C-B088-3A5042F75D52}") = "imagenet", "imagenet\imagenet.pyproj", "{82D9546F-5924-4A16-8F9C-F3B853B883F1}"
EndProject
Project("{888888A0-9F3D-457C-B088-3A5042F75D52}") = "embedding", "embedding\embedding.pyproj", "{1C92D843-248D-49B2-A149-A129F8DA0CBE}"
EndProject
Project("{888888A0-9F3D-457C-B088-3A5042F75D52}") = "MNIST", "MNIST\MNIST.pyproj", "{1A8C8511-61BB-4F82-BC27-C82CBC6ACA3A}"
EndProject
Project("{888888A0-9F3D-457C-B088-3A5042F75D52}") = "cifar10", "cifar10\cifar10.pyproj", "{16A0ED44-98A5-4DCB-B8DB-58ADB8D25AAE}"
EndProject
Project("{888888A0-9F3D-457C-B088-3A5042F75D52}") = "FCN", "FCN\FCN.pyproj", "{C09AE90A-9BF0-4871-B39A-9F65EA316F52}"
EndProject
Global
	GlobalSection(SolutionConfigurationPlatforms) = preSolution
		Debug|Any CPU = Debug|Any CPU
		Release|Any CPU = Release|Any CPU
	EndGlobalSection
	GlobalSection(ProjectConfigurationPlatforms) = postSolution
		{82D9546F-5924-4A16-8F9C-F3B853B883F1}.Debug|Any CPU.ActiveCfg = Debug|Any CPU
		{82D9546F-5924-4A16-8F9C-F3B853B883F1}.Release|Any CPU.ActiveCfg = Release|Any CPU
		{1C92D843-248D-49B2-A149-A129F8DA0CBE}.Debug|Any CPU.ActiveCfg = Debug|Any CPU
		{1C92D843-248D-49B2-A149-A129F8DA0CBE}.Release|Any CPU.ActiveCfg = Release|Any CPU
		{1A8C8511-61BB-4F82-BC27-C82CBC6ACA3A}.Debug|Any CPU.ActiveCfg = Debug|Any CPU
		{1A8C8511-61BB-4F82-BC27-C82CBC6ACA3A}.Release|Any CPU.ActiveCfg = Release|Any CPU
		{16A0ED44-98A5-4DCB-B8DB-58ADB8D25AAE}.Debug|Any CPU.ActiveCfg = Debug|Any CPU
		{16A0ED44-98A5-4DCB-B8DB-58ADB8D25AAE}.Release|Any CPU.ActiveCfg = Release|Any CPU
		{C09AE90A-9BF0-4871-B39A-9F65EA316F52}.Debug|Any CPU.ActiveCfg = Debug|Any CPU
		{C09AE90A-9BF0-4871-B39A-9F65EA316F52}.Release|Any CPU.ActiveCfg = Release|Any CPU
	EndGlobalSection
	GlobalSection(SolutionProperties) = preSolution
		HideSolutionNode = FALSE
	EndGlobalSection
	GlobalSection(ExtensibilityGlobals) = postSolution
		SolutionGuid = {778C915B-171A-48C5-8DCE-D7CD08C3A45F}
	EndGlobalSection
EndGlobal
