
Microsoft Visual Studio Solution File, Format Version 12.00
# Visual Studio 15
VisualStudioVersion = 15.0.26430.16
MinimumVisualStudioVersion = 10.0.40219.1
Project("{888888A0-9F3D-457C-B088-3A5042F75D52}") = "imagenet", "imagenet\imagenet.pyproj", "{82D9546F-5924-4A16-8F9C-F3B853B883F1}"
EndProject
Project("{888888A0-9F3D-457C-B088-3A5042F75D52}") = "embedding", "embedding\embedding.pyproj", "{1C92D843-248D-49B2-A149-A129F8DA0CBE}"
EndProject
Project("{888888A0-9F3D-457C-B088-3A5042F75D52}") = "MNIST", "MNIST\MNIST.pyproj", "{1A8C8511-61BB-4F82-BC27-C82CBC6ACA3A}"
EndProject
Project("{888888A0-9F3D-457C-B088-3A5042F75D52}") = "cifar10", "cifar10\cifar10.pyproj", "{16A0ED44-98A5-4DCB-B8DB-58ADB8D25AAE}"
EndProject
Project("{888888A0-9F3D-457C-B088-3A5042F75D52}") = "Twitter_Sentiment_Analysis", "Twitter_Sentiment_Analysis\Twitter_Sentiment_Analysis.pyproj", "{1E07E512-FAAC-4A7C-A52A-E80CDCF94B07}"
EndProject
Project("{888888A0-9F3D-457C-B088-3A5042F75D52}") = "FCN", "FCN\FCN.pyproj", "{C09AE90A-9BF0-4871-B39A-9F65EA316F52}"
EndProject
Project("{888888A0-9F3D-457C-B088-3A5042F75D52}") = "DCGAN", "DCGAN\DCGAN.pyproj", "{3F7DA856-85F1-4662-A967-BBBCB1A235B3}"
EndProject
Project("{888888A0-9F3D-457C-B088-3A5042F75D52}") = "MemN2N", "MemN2N\MemN2N.pyproj", "{9F10CDDC-8B86-4F1E-BE76-2B15B5CCBCBF}"
EndProject
Project("{888888A0-9F3D-457C-B088-3A5042F75D52}") = "NTM", "NTM\NTM.pyproj", "{03DD61EA-936F-4A70-95D8-30101B22A62C}"
EndProject
Project("{888888A0-9F3D-457C-B088-3A5042F75D52}") = "GeneGAN", "GeneGAN\GeneGAN.pyproj", "{03620336-1702-44E7-A941-4A567698556E}"
EndProject
Project("{888888A0-9F3D-457C-B088-3A5042F75D52}") = "AtNRE", "AtNRE\AtNRE.pyproj", "{CFD8B6FE-7051-49D2-8BF2-1BB13C2B1703}"
EndProject
Project("{888888A0-9F3D-457C-B088-3A5042F75D52}") = "ProjE", "ProjE\ProjE.pyproj", "{403A0EBB-A496-458F-9569-1B708CC66BE9}"
EndProject
Project("{888888A0-9F3D-457C-B088-3A5042F75D52}") = "Sentence_Classification_CNN", "Sentence_Classification_CNN\Sentence_Classification_CNN.pyproj", "{45EF6194-D84F-40E8-AFE7-13027F922DEB}"
EndProject
Project("{888888A0-9F3D-457C-B088-3A5042F75D52}") = "TransD", "TransD\TransD.pyproj", "{28198D93-6E26-4E9E-AF2C-A581686DB34D}"
EndProject
Project("{888888A0-9F3D-457C-B088-3A5042F75D52}") = "TransE", "TransE\TransE.pyproj", "{162983CF-5C2B-4279-A9CA-E7AA07B167D0}"
EndProject
Project("{888888A0-9F3D-457C-B088-3A5042F75D52}") = "TransH", "TransH\TransH.pyproj", "{4514F180-1B1F-459A-9891-B6DC4A03DF44}"
EndProject
Project("{888888A0-9F3D-457C-B088-3A5042F75D52}") = "TransR", "TransR\TransR.pyproj", "{376A2685-4665-4A29-B693-EE3E1F8FBB32}"
EndProject
Project("{888888A0-9F3D-457C-B088-3A5042F75D52}") = "yoloTF", "yoloTF\yoloTF.pyproj", "{9A2D606A-3C97-4945-A5FC-6A8C5BFC2A85}"
EndProject
Global
	GlobalSection(SolutionConfigurationPlatforms) = preSolution
		Debug|Any CPU = Debug|Any CPU
		Release|Any CPU = Release|Any CPU
	EndGlobalSection
	GlobalSection(ProjectConfigurationPlatforms) = postSolution
		{82D9546F-5924-4A16-8F9C-F3B853B883F1}.Debug|Any CPU.ActiveCfg = Debug|Any CPU
		{82D9546F-5924-4A16-8F9C-F3B853B883F1}.Release|Any CPU.ActiveCfg = Release|Any CPU
		{1C92D843-248D-49B2-A149-A129F8DA0CBE}.Debug|Any CPU.ActiveCfg = Debug|Any CPU
		{1C92D843-248D-49B2-A149-A129F8DA0CBE}.Release|Any CPU.ActiveCfg = Release|Any CPU
		{1A8C8511-61BB-4F82-BC27-C82CBC6ACA3A}.Debug|Any CPU.ActiveCfg = Debug|Any CPU
		{1A8C8511-61BB-4F82-BC27-C82CBC6ACA3A}.Release|Any CPU.ActiveCfg = Release|Any CPU
		{16A0ED44-98A5-4DCB-B8DB-58ADB8D25AAE}.Debug|Any CPU.ActiveCfg = Debug|Any CPU
		{16A0ED44-98A5-4DCB-B8DB-58ADB8D25AAE}.Release|Any CPU.ActiveCfg = Release|Any CPU
		{1E07E512-FAAC-4A7C-A52A-E80CDCF94B07}.Debug|Any CPU.ActiveCfg = Debug|Any CPU
		{1E07E512-FAAC-4A7C-A52A-E80CDCF94B07}.Release|Any CPU.ActiveCfg = Release|Any CPU
		{C09AE90A-9BF0-4871-B39A-9F65EA316F52}.Debug|Any CPU.ActiveCfg = Debug|Any CPU
		{C09AE90A-9BF0-4871-B39A-9F65EA316F52}.Release|Any CPU.ActiveCfg = Release|Any CPU
		{3F7DA856-85F1-4662-A967-BBBCB1A235B3}.Debug|Any CPU.ActiveCfg = Debug|Any CPU
		{3F7DA856-85F1-4662-A967-BBBCB1A235B3}.Release|Any CPU.ActiveCfg = Release|Any CPU
		{9F10CDDC-8B86-4F1E-BE76-2B15B5CCBCBF}.Debug|Any CPU.ActiveCfg = Debug|Any CPU
		{9F10CDDC-8B86-4F1E-BE76-2B15B5CCBCBF}.Release|Any CPU.ActiveCfg = Release|Any CPU
		{03DD61EA-936F-4A70-95D8-30101B22A62C}.Debug|Any CPU.ActiveCfg = Debug|Any CPU
		{03DD61EA-936F-4A70-95D8-30101B22A62C}.Release|Any CPU.ActiveCfg = Release|Any CPU
		{03620336-1702-44E7-A941-4A567698556E}.Debug|Any CPU.ActiveCfg = Debug|Any CPU
		{03620336-1702-44E7-A941-4A567698556E}.Release|Any CPU.ActiveCfg = Release|Any CPU
		{CFD8B6FE-7051-49D2-8BF2-1BB13C2B1703}.Debug|Any CPU.ActiveCfg = Debug|Any CPU
		{CFD8B6FE-7051-49D2-8BF2-1BB13C2B1703}.Release|Any CPU.ActiveCfg = Release|Any CPU
		{403A0EBB-A496-458F-9569-1B708CC66BE9}.Debug|Any CPU.ActiveCfg = Debug|Any CPU
		{403A0EBB-A496-458F-9569-1B708CC66BE9}.Release|Any CPU.ActiveCfg = Release|Any CPU
		{45EF6194-D84F-40E8-AFE7-13027F922DEB}.Debug|Any CPU.ActiveCfg = Debug|Any CPU
		{45EF6194-D84F-40E8-AFE7-13027F922DEB}.Release|Any CPU.ActiveCfg = Release|Any CPU
		{28198D93-6E26-4E9E-AF2C-A581686DB34D}.Debug|Any CPU.ActiveCfg = Debug|Any CPU
		{28198D93-6E26-4E9E-AF2C-A581686DB34D}.Release|Any CPU.ActiveCfg = Release|Any CPU
		{162983CF-5C2B-4279-A9CA-E7AA07B167D0}.Debug|Any CPU.ActiveCfg = Debug|Any CPU
		{162983CF-5C2B-4279-A9CA-E7AA07B167D0}.Release|Any CPU.ActiveCfg = Release|Any CPU
		{4514F180-1B1F-459A-9891-B6DC4A03DF44}.Debug|Any CPU.ActiveCfg = Debug|Any CPU
		{4514F180-1B1F-459A-9891-B6DC4A03DF44}.Release|Any CPU.ActiveCfg = Release|Any CPU
		{376A2685-4665-4A29-B693-EE3E1F8FBB32}.Debug|Any CPU.ActiveCfg = Debug|Any CPU
		{376A2685-4665-4A29-B693-EE3E1F8FBB32}.Release|Any CPU.ActiveCfg = Release|Any CPU
		{9A2D606A-3C97-4945-A5FC-6A8C5BFC2A85}.Debug|Any CPU.ActiveCfg = Debug|Any CPU
		{9A2D606A-3C97-4945-A5FC-6A8C5BFC2A85}.Release|Any CPU.ActiveCfg = Release|Any CPU
	EndGlobalSection
	GlobalSection(SolutionProperties) = preSolution
		HideSolutionNode = FALSE
	EndGlobalSection
	GlobalSection(ExtensibilityGlobals) = postSolution
		SolutionGuid = {2DA67F13-B232-433E-A38C-CB4A6975548D}
	EndGlobalSection
EndGlobal
